
Microsoft Visual Studio Solution File, Format Version 12.00
# Visual Studio 15
VisualStudioVersion = 15.0.27130.2027
MinimumVisualStudioVersion = 10.0.40219.1
Project("{FAE04EC0-301F-11D3-BF4B-00C04F79EFBC}") = "App4.Android", "App4\App4.Android\App4.Android.csproj", "{50AEC959-5539-4649-9BE7-ADD12347E1A3}"
EndProject
Project("{FAE04EC0-301F-11D3-BF4B-00C04F79EFBC}") = "App4.iOS", "App4\App4.iOS\App4.iOS.csproj", "{084E374C-6AF1-40BF-A9C1-05B9367C25AD}"
EndProject
Project("{FAE04EC0-301F-11D3-BF4B-00C04F79EFBC}") = "App4.UWP", "App4\App4.UWP\App4.UWP.csproj", "{38929F47-D483-4DCD-A0FE-E227534FCA1C}"
EndProject
Project("{D954291E-2A0B-460D-934E-DC6B0785DB48}") = "App4", "App4\App4\App4.shproj", "{CC771435-BEBB-47F9-B581-646751763032}"
EndProject
Global
	GlobalSection(SharedMSBuildProjectFiles) = preSolution
		App4\App4\App4.projitems*{084e374c-6af1-40bf-a9c1-05b9367c25ad}*SharedItemsImports = 4
		App4\App4\App4.projitems*{38929f47-d483-4dcd-a0fe-e227534fca1c}*SharedItemsImports = 4
		App4\App4\App4.projitems*{50aec959-5539-4649-9be7-add12347e1a3}*SharedItemsImports = 4
		App4\App4\App4.projitems*{cc771435-bebb-47f9-b581-646751763032}*SharedItemsImports = 13
	EndGlobalSection
	GlobalSection(SolutionConfigurationPlatforms) = preSolution
		Ad-Hoc|Any CPU = Ad-Hoc|Any CPU
		Ad-Hoc|ARM = Ad-Hoc|ARM
		Ad-Hoc|iPhone = Ad-Hoc|iPhone
		Ad-Hoc|iPhoneSimulator = Ad-Hoc|iPhoneSimulator
		Ad-Hoc|x64 = Ad-Hoc|x64
		Ad-Hoc|x86 = Ad-Hoc|x86
		AppStore|Any CPU = AppStore|Any CPU
		AppStore|ARM = AppStore|ARM
		AppStore|iPhone = AppStore|iPhone
		AppStore|iPhoneSimulator = AppStore|iPhoneSimulator
		AppStore|x64 = AppStore|x64
		AppStore|x86 = AppStore|x86
		Debug|Any CPU = Debug|Any CPU
		Debug|ARM = Debug|ARM
		Debug|iPhone = Debug|iPhone
		Debug|iPhoneSimulator = Debug|iPhoneSimulator
		Debug|x64 = Debug|x64
		Debug|x86 = Debug|x86
		Release|Any CPU = Release|Any CPU
		Release|ARM = Release|ARM
		Release|iPhone = Release|iPhone
		Release|iPhoneSimulator = Release|iPhoneSimulator
		Release|x64 = Release|x64
		Release|x86 = Release|x86
	EndGlobalSection
	GlobalSection(ProjectConfigurationPlatforms) = postSolution
		{50AEC959-5539-4649-9BE7-ADD12347E1A3}.Ad-Hoc|Any CPU.ActiveCfg = Release|Any CPU
		{50AEC959-5539-4649-9BE7-ADD12347E1A3}.Ad-Hoc|Any CPU.Build.0 = Release|Any CPU
		{50AEC959-5539-4649-9BE7-ADD12347E1A3}.Ad-Hoc|Any CPU.Deploy.0 = Release|Any CPU
		{50AEC959-5539-4649-9BE7-ADD12347E1A3}.Ad-Hoc|ARM.ActiveCfg = Release|Any CPU
		{50AEC959-5539-4649-9BE7-ADD12347E1A3}.Ad-Hoc|ARM.Build.0 = Release|Any CPU
		{50AEC959-5539-4649-9BE7-ADD12347E1A3}.Ad-Hoc|ARM.Deploy.0 = Release|Any CPU
		{50AEC959-5539-4649-9BE7-ADD12347E1A3}.Ad-Hoc|iPhone.ActiveCfg = Release|Any CPU
		{50AEC959-5539-4649-9BE7-ADD12347E1A3}.Ad-Hoc|iPhone.Build.0 = Release|Any CPU
		{50AEC959-5539-4649-9BE7-ADD12347E1A3}.Ad-Hoc|iPhone.Deploy.0 = Release|Any CPU
		{50AEC959-5539-4649-9BE7-ADD12347E1A3}.Ad-Hoc|iPhoneSimulator.ActiveCfg = Release|Any CPU
		{50AEC959-5539-4649-9BE7-ADD12347E1A3}.Ad-Hoc|iPhoneSimulator.Build.0 = Release|Any CPU
		{50AEC959-5539-4649-9BE7-ADD12347E1A3}.Ad-Hoc|iPhoneSimulator.Deploy.0 = Release|Any CPU
		{50AEC959-5539-4649-9BE7-ADD12347E1A3}.Ad-Hoc|x64.ActiveCfg = Release|Any CPU
		{50AEC959-5539-4649-9BE7-ADD12347E1A3}.Ad-Hoc|x64.Build.0 = Release|Any CPU
		{50AEC959-5539-4649-9BE7-ADD12347E1A3}.Ad-Hoc|x64.Deploy.0 = Release|Any CPU
		{50AEC959-5539-4649-9BE7-ADD12347E1A3}.Ad-Hoc|x86.ActiveCfg = Release|Any CPU
		{50AEC959-5539-4649-9BE7-ADD12347E1A3}.Ad-Hoc|x86.Build.0 = Release|Any CPU
		{50AEC959-5539-4649-9BE7-ADD12347E1A3}.Ad-Hoc|x86.Deploy.0 = Release|Any CPU
		{50AEC959-5539-4649-9BE7-ADD12347E1A3}.AppStore|Any CPU.ActiveCfg = Release|Any CPU
		{50AEC959-5539-4649-9BE7-ADD12347E1A3}.AppStore|Any CPU.Build.0 = Release|Any CPU
		{50AEC959-5539-4649-9BE7-ADD12347E1A3}.AppStore|Any CPU.Deploy.0 = Release|Any CPU
		{50AEC959-5539-4649-9BE7-ADD12347E1A3}.AppStore|ARM.ActiveCfg = Release|Any CPU
		{50AEC959-5539-4649-9BE7-ADD12347E1A3}.AppStore|ARM.Build.0 = Release|Any CPU
		{50AEC959-5539-4649-9BE7-ADD12347E1A3}.AppStore|ARM.Deploy.0 = Release|Any CPU
		{50AEC959-5539-4649-9BE7-ADD12347E1A3}.AppStore|iPhone.ActiveCfg = Release|Any CPU
		{50AEC959-5539-4649-9BE7-ADD12347E1A3}.AppStore|iPhone.Build.0 = Release|Any CPU
		{50AEC959-5539-4649-9BE7-ADD12347E1A3}.AppStore|iPhone.Deploy.0 = Release|Any CPU
		{50AEC959-5539-4649-9BE7-ADD12347E1A3}.AppStore|iPhoneSimulator.ActiveCfg = Release|Any CPU
		{50AEC959-5539-4649-9BE7-ADD12347E1A3}.AppStore|iPhoneSimulator.Build.0 = Release|Any CPU
		{50AEC959-5539-4649-9BE7-ADD12347E1A3}.AppStore|iPhoneSimulator.Deploy.0 = Release|Any CPU
		{50AEC959-5539-4649-9BE7-ADD12347E1A3}.AppStore|x64.ActiveCfg = Release|Any CPU
		{50AEC959-5539-4649-9BE7-ADD12347E1A3}.AppStore|x64.Build.0 = Release|Any CPU
		{50AEC959-5539-4649-9BE7-ADD12347E1A3}.AppStore|x64.Deploy.0 = Release|Any CPU
		{50AEC959-5539-4649-9BE7-ADD12347E1A3}.AppStore|x86.ActiveCfg = Release|Any CPU
		{50AEC959-5539-4649-9BE7-ADD12347E1A3}.AppStore|x86.Build.0 = Release|Any CPU
		{50AEC959-5539-4649-9BE7-ADD12347E1A3}.AppStore|x86.Deploy.0 = Release|Any CPU
		{50AEC959-5539-4649-9BE7-ADD12347E1A3}.Debug|Any CPU.ActiveCfg = Debug|Any CPU
		{50AEC959-5539-4649-9BE7-ADD12347E1A3}.Debug|Any CPU.Build.0 = Debug|Any CPU
		{50AEC959-5539-4649-9BE7-ADD12347E1A3}.Debug|Any CPU.Deploy.0 = Debug|Any CPU
		{50AEC959-5539-4649-9BE7-ADD12347E1A3}.Debug|ARM.ActiveCfg = Debug|Any CPU
		{50AEC959-5539-4649-9BE7-ADD12347E1A3}.Debug|ARM.Build.0 = Debug|Any CPU
		{50AEC959-5539-4649-9BE7-ADD12347E1A3}.Debug|ARM.Deploy.0 = Debug|Any CPU
		{50AEC959-5539-4649-9BE7-ADD12347E1A3}.Debug|iPhone.ActiveCfg = Debug|Any CPU
		{50AEC959-5539-4649-9BE7-ADD12347E1A3}.Debug|iPhone.Build.0 = Debug|Any CPU
		{50AEC959-5539-4649-9BE7-ADD12347E1A3}.Debug|iPhone.Deploy.0 = Debug|Any CPU
		{50AEC959-5539-4649-9BE7-ADD12347E1A3}.Debug|iPhoneSimulator.ActiveCfg = Debug|Any CPU
		{50AEC959-5539-4649-9BE7-ADD12347E1A3}.Debug|iPhoneSimulator.Build.0 = Debug|Any CPU
		{50AEC959-5539-4649-9BE7-ADD12347E1A3}.Debug|iPhoneSimulator.Deploy.0 = Debug|Any CPU
		{50AEC959-5539-4649-9BE7-ADD12347E1A3}.Debug|x64.ActiveCfg = Debug|Any CPU
		{50AEC959-5539-4649-9BE7-ADD12347E1A3}.Debug|x64.Build.0 = Debug|Any CPU
		{50AEC959-5539-4649-9BE7-ADD12347E1A3}.Debug|x64.Deploy.0 = Debug|Any CPU
		{50AEC959-5539-4649-9BE7-ADD12347E1A3}.Debug|x86.ActiveCfg = Debug|Any CPU
		{50AEC959-5539-4649-9BE7-ADD12347E1A3}.Debug|x86.Build.0 = Debug|Any CPU
		{50AEC959-5539-4649-9BE7-ADD12347E1A3}.Debug|x86.Deploy.0 = Debug|Any CPU
		{50AEC959-5539-4649-9BE7-ADD12347E1A3}.Release|Any CPU.ActiveCfg = Release|Any CPU
		{50AEC959-5539-4649-9BE7-ADD12347E1A3}.Release|Any CPU.Build.0 = Release|Any CPU
		{50AEC959-5539-4649-9BE7-ADD12347E1A3}.Release|Any CPU.Deploy.0 = Release|Any CPU
		{50AEC959-5539-4649-9BE7-ADD12347E1A3}.Release|ARM.ActiveCfg = Release|Any CPU
		{50AEC959-5539-4649-9BE7-ADD12347E1A3}.Release|ARM.Build.0 = Release|Any CPU
		{50AEC959-5539-4649-9BE7-ADD12347E1A3}.Release|ARM.Deploy.0 = Release|Any CPU
		{50AEC959-5539-4649-9BE7-ADD12347E1A3}.Release|iPhone.ActiveCfg = Release|Any CPU
		{50AEC959-5539-4649-9BE7-ADD12347E1A3}.Release|iPhone.Build.0 = Release|Any CPU
		{50AEC959-5539-4649-9BE7-ADD12347E1A3}.Release|iPhone.Deploy.0 = Release|Any CPU
		{50AEC959-5539-4649-9BE7-ADD12347E1A3}.Release|iPhoneSimulator.ActiveCfg = Release|Any CPU
		{50AEC959-5539-4649-9BE7-ADD12347E1A3}.Release|iPhoneSimulator.Build.0 = Release|Any CPU
		{50AEC959-5539-4649-9BE7-ADD12347E1A3}.Release|iPhoneSimulator.Deploy.0 = Release|Any CPU
		{50AEC959-5539-4649-9BE7-ADD12347E1A3}.Release|x64.ActiveCfg = Release|Any CPU
		{50AEC959-5539-4649-9BE7-ADD12347E1A3}.Release|x64.Build.0 = Release|Any CPU
		{50AEC959-5539-4649-9BE7-ADD12347E1A3}.Release|x64.Deploy.0 = Release|Any CPU
		{50AEC959-5539-4649-9BE7-ADD12347E1A3}.Release|x86.ActiveCfg = Release|Any CPU
		{50AEC959-5539-4649-9BE7-ADD12347E1A3}.Release|x86.Build.0 = Release|Any CPU
		{50AEC959-5539-4649-9BE7-ADD12347E1A3}.Release|x86.Deploy.0 = Release|Any CPU
		{084E374C-6AF1-40BF-A9C1-05B9367C25AD}.Ad-Hoc|Any CPU.ActiveCfg = Ad-Hoc|iPhone
		{084E374C-6AF1-40BF-A9C1-05B9367C25AD}.Ad-Hoc|ARM.ActiveCfg = Ad-Hoc|iPhone
		{084E374C-6AF1-40BF-A9C1-05B9367C25AD}.Ad-Hoc|iPhone.ActiveCfg = Ad-Hoc|iPhone
		{084E374C-6AF1-40BF-A9C1-05B9367C25AD}.Ad-Hoc|iPhone.Build.0 = Ad-Hoc|iPhone
		{084E374C-6AF1-40BF-A9C1-05B9367C25AD}.Ad-Hoc|iPhoneSimulator.ActiveCfg = Ad-Hoc|iPhoneSimulator
		{084E374C-6AF1-40BF-A9C1-05B9367C25AD}.Ad-Hoc|iPhoneSimulator.Build.0 = Ad-Hoc|iPhoneSimulator
		{084E374C-6AF1-40BF-A9C1-05B9367C25AD}.Ad-Hoc|x64.ActiveCfg = Ad-Hoc|iPhone
		{084E374C-6AF1-40BF-A9C1-05B9367C25AD}.Ad-Hoc|x86.ActiveCfg = Ad-Hoc|iPhone
		{084E374C-6AF1-40BF-A9C1-05B9367C25AD}.AppStore|Any CPU.ActiveCfg = AppStore|iPhone
		{084E374C-6AF1-40BF-A9C1-05B9367C25AD}.AppStore|ARM.ActiveCfg = AppStore|iPhone
		{084E374C-6AF1-40BF-A9C1-05B9367C25AD}.AppStore|iPhone.ActiveCfg = AppStore|iPhone
		{084E374C-6AF1-40BF-A9C1-05B9367C25AD}.AppStore|iPhone.Build.0 = AppStore|iPhone
		{084E374C-6AF1-40BF-A9C1-05B9367C25AD}.AppStore|iPhoneSimulator.ActiveCfg = AppStore|iPhoneSimulator
		{084E374C-6AF1-40BF-A9C1-05B9367C25AD}.AppStore|iPhoneSimulator.Build.0 = AppStore|iPhoneSimulator
		{084E374C-6AF1-40BF-A9C1-05B9367C25AD}.AppStore|x64.ActiveCfg = AppStore|iPhone
		{084E374C-6AF1-40BF-A9C1-05B9367C25AD}.AppStore|x86.ActiveCfg = AppStore|iPhone
		{084E374C-6AF1-40BF-A9C1-05B9367C25AD}.Debug|Any CPU.ActiveCfg = Debug|iPhone
		{084E374C-6AF1-40BF-A9C1-05B9367C25AD}.Debug|ARM.ActiveCfg = Debug|iPhone
		{084E374C-6AF1-40BF-A9C1-05B9367C25AD}.Debug|iPhone.ActiveCfg = Debug|iPhone
		{084E374C-6AF1-40BF-A9C1-05B9367C25AD}.Debug|iPhone.Build.0 = Debug|iPhone
		{084E374C-6AF1-40BF-A9C1-05B9367C25AD}.Debug|iPhoneSimulator.ActiveCfg = Debug|iPhoneSimulator
		{084E374C-6AF1-40BF-A9C1-05B9367C25AD}.Debug|iPhoneSimulator.Build.0 = Debug|iPhoneSimulator
		{084E374C-6AF1-40BF-A9C1-05B9367C25AD}.Debug|x64.ActiveCfg = Debug|iPhone
		{084E374C-6AF1-40BF-A9C1-05B9367C25AD}.Debug|x86.ActiveCfg = Debug|iPhone
		{084E374C-6AF1-40BF-A9C1-05B9367C25AD}.Release|Any CPU.ActiveCfg = Release|iPhone
		{084E374C-6AF1-40BF-A9C1-05B9367C25AD}.Release|ARM.ActiveCfg = Release|iPhone
		{084E374C-6AF1-40BF-A9C1-05B9367C25AD}.Release|iPhone.ActiveCfg = Release|iPhone
		{084E374C-6AF1-40BF-A9C1-05B9367C25AD}.Release|iPhone.Build.0 = Release|iPhone
		{084E374C-6AF1-40BF-A9C1-05B9367C25AD}.Release|iPhoneSimulator.ActiveCfg = Release|iPhoneSimulator
		{084E374C-6AF1-40BF-A9C1-05B9367C25AD}.Release|iPhoneSimulator.Build.0 = Release|iPhoneSimulator
		{084E374C-6AF1-40BF-A9C1-05B9367C25AD}.Release|x64.ActiveCfg = Release|iPhone
		{084E374C-6AF1-40BF-A9C1-05B9367C25AD}.Release|x86.ActiveCfg = Release|iPhone
		{38929F47-D483-4DCD-A0FE-E227534FCA1C}.Ad-Hoc|Any CPU.ActiveCfg = Release|x86
		{38929F47-D483-4DCD-A0FE-E227534FCA1C}.Ad-Hoc|Any CPU.Build.0 = Release|x86
		{38929F47-D483-4DCD-A0FE-E227534FCA1C}.Ad-Hoc|Any CPU.Deploy.0 = Release|x86
		{38929F47-D483-4DCD-A0FE-E227534FCA1C}.Ad-Hoc|ARM.ActiveCfg = Release|ARM
		{38929F47-D483-4DCD-A0FE-E227534FCA1C}.Ad-Hoc|ARM.Build.0 = Release|ARM
		{38929F47-D483-4DCD-A0FE-E227534FCA1C}.Ad-Hoc|ARM.Deploy.0 = Release|ARM
		{38929F47-D483-4DCD-A0FE-E227534FCA1C}.Ad-Hoc|iPhone.ActiveCfg = Release|x86
		{38929F47-D483-4DCD-A0FE-E227534FCA1C}.Ad-Hoc|iPhone.Build.0 = Release|x86
		{38929F47-D483-4DCD-A0FE-E227534FCA1C}.Ad-Hoc|iPhone.Deploy.0 = Release|x86
		{38929F47-D483-4DCD-A0FE-E227534FCA1C}.Ad-Hoc|iPhoneSimulator.ActiveCfg = Release|x86
		{38929F47-D483-4DCD-A0FE-E227534FCA1C}.Ad-Hoc|iPhoneSimulator.Build.0 = Release|x86
		{38929F47-D483-4DCD-A0FE-E227534FCA1C}.Ad-Hoc|iPhoneSimulator.Deploy.0 = Release|x86
		{38929F47-D483-4DCD-A0FE-E227534FCA1C}.Ad-Hoc|x64.ActiveCfg = Release|x64
		{38929F47-D483-4DCD-A0FE-E227534FCA1C}.Ad-Hoc|x64.Build.0 = Release|x64
		{38929F47-D483-4DCD-A0FE-E227534FCA1C}.Ad-Hoc|x64.Deploy.0 = Release|x64
		{38929F47-D483-4DCD-A0FE-E227534FCA1C}.Ad-Hoc|x86.ActiveCfg = Release|x86
		{38929F47-D483-4DCD-A0FE-E227534FCA1C}.Ad-Hoc|x86.Build.0 = Release|x86
		{38929F47-D483-4DCD-A0FE-E227534FCA1C}.Ad-Hoc|x86.Deploy.0 = Release|x86
		{38929F47-D483-4DCD-A0FE-E227534FCA1C}.AppStore|Any CPU.ActiveCfg = Release|x86
		{38929F47-D483-4DCD-A0FE-E227534FCA1C}.AppStore|Any CPU.Build.0 = Release|x86
		{38929F47-D483-4DCD-A0FE-E227534FCA1C}.AppStore|Any CPU.Deploy.0 = Release|x86
		{38929F47-D483-4DCD-A0FE-E227534FCA1C}.AppStore|ARM.ActiveCfg = Release|ARM
		{38929F47-D483-4DCD-A0FE-E227534FCA1C}.AppStore|ARM.Build.0 = Release|ARM
		{38929F47-D483-4DCD-A0FE-E227534FCA1C}.AppStore|ARM.Deploy.0 = Release|ARM
		{38929F47-D483-4DCD-A0FE-E227534FCA1C}.AppStore|iPhone.ActiveCfg = Release|x86
		{38929F47-D483-4DCD-A0FE-E227534FCA1C}.AppStore|iPhone.Build.0 = Release|x86
		{38929F47-D483-4DCD-A0FE-E227534FCA1C}.AppStore|iPhone.Deploy.0 = Release|x86
		{38929F47-D483-4DCD-A0FE-E227534FCA1C}.AppStore|iPhoneSimulator.ActiveCfg = Release|x86
		{38929F47-D483-4DCD-A0FE-E227534FCA1C}.AppStore|iPhoneSimulator.Build.0 = Release|x86
		{38929F47-D483-4DCD-A0FE-E227534FCA1C}.AppStore|iPhoneSimulator.Deploy.0 = Release|x86
		{38929F47-D483-4DCD-A0FE-E227534FCA1C}.AppStore|x64.ActiveCfg = Release|x64
		{38929F47-D483-4DCD-A0FE-E227534FCA1C}.AppStore|x64.Build.0 = Release|x64
		{38929F47-D483-4DCD-A0FE-E227534FCA1C}.AppStore|x64.Deploy.0 = Release|x64
		{38929F47-D483-4DCD-A0FE-E227534FCA1C}.AppStore|x86.ActiveCfg = Release|x86
		{38929F47-D483-4DCD-A0FE-E227534FCA1C}.AppStore|x86.Build.0 = Release|x86
		{38929F47-D483-4DCD-A0FE-E227534FCA1C}.AppStore|x86.Deploy.0 = Release|x86
		{38929F47-D483-4DCD-A0FE-E227534FCA1C}.Debug|Any CPU.ActiveCfg = Debug|x86
		{38929F47-D483-4DCD-A0FE-E227534FCA1C}.Debug|ARM.ActiveCfg = Debug|ARM
		{38929F47-D483-4DCD-A0FE-E227534FCA1C}.Debug|ARM.Build.0 = Debug|ARM
		{38929F47-D483-4DCD-A0FE-E227534FCA1C}.Debug|ARM.Deploy.0 = Debug|ARM
		{38929F47-D483-4DCD-A0FE-E227534FCA1C}.Debug|iPhone.ActiveCfg = Debug|x86
		{38929F47-D483-4DCD-A0FE-E227534FCA1C}.Debug|iPhoneSimulator.ActiveCfg = Debug|x86
		{38929F47-D483-4DCD-A0FE-E227534FCA1C}.Debug|x64.ActiveCfg = Debug|x64
		{38929F47-D483-4DCD-A0FE-E227534FCA1C}.Debug|x64.Build.0 = Debug|x64
		{38929F47-D483-4DCD-A0FE-E227534FCA1C}.Debug|x64.Deploy.0 = Debug|x64
		{38929F47-D483-4DCD-A0FE-E227534FCA1C}.Debug|x86.ActiveCfg = Debug|x86
		{38929F47-D483-4DCD-A0FE-E227534FCA1C}.Debug|x86.Build.0 = Debug|x86
		{38929F47-D483-4DCD-A0FE-E227534FCA1C}.Debug|x86.Deploy.0 = Debug|x86
		{38929F47-D483-4DCD-A0FE-E227534FCA1C}.Release|Any CPU.ActiveCfg = Release|x86
		{38929F47-D483-4DCD-A0FE-E227534FCA1C}.Release|ARM.ActiveCfg = Release|ARM
		{38929F47-D483-4DCD-A0FE-E227534FCA1C}.Release|ARM.Build.0 = Release|ARM
		{38929F47-D483-4DCD-A0FE-E227534FCA1C}.Release|ARM.Deploy.0 = Release|ARM
		{38929F47-D483-4DCD-A0FE-E227534FCA1C}.Release|iPhone.ActiveCfg = Release|x86
		{38929F47-D483-4DCD-A0FE-E227534FCA1C}.Release|iPhoneSimulator.ActiveCfg = Release|x86
		{38929F47-D483-4DCD-A0FE-E227534FCA1C}.Release|x64.ActiveCfg = Release|x64
		{38929F47-D483-4DCD-A0FE-E227534FCA1C}.Release|x64.Build.0 = Release|x64
		{38929F47-D483-4DCD-A0FE-E227534FCA1C}.Release|x64.Deploy.0 = Release|x64
		{38929F47-D483-4DCD-A0FE-E227534FCA1C}.Release|x86.ActiveCfg = Release|x86
		{38929F47-D483-4DCD-A0FE-E227534FCA1C}.Release|x86.Build.0 = Release|x86
		{38929F47-D483-4DCD-A0FE-E227534FCA1C}.Release|x86.Deploy.0 = Release|x86
	EndGlobalSection
	GlobalSection(SolutionProperties) = preSolution
		HideSolutionNode = FALSE
	EndGlobalSection
	GlobalSection(ExtensibilityGlobals) = postSolution
		SolutionGuid = {265F0731-8B59-4154-BFC8-E6A715D6FE72}
	EndGlobalSection
EndGlobal
